# @generated - this file is auto-generated by `mise lock` https://mise.jdx.dev/dev-tools/mise-lock.html

[[tools.awscli]]
version = "2.36.13"
backend = "aqua:aws/aws-cli"

[tools.awscli."platforms.linux-arm64"]
url = "https://awscli.amazonaws.com/awscli-exe-linux-aarch64-2.36.13.zip"

[tools.awscli."platforms.linux-arm64-musl"]
url = "https://awscli.amazonaws.com/awscli-exe-linux-aarch64-2.36.13.zip"

[tools.awscli."platforms.linux-x64"]
url = "https://awscli.amazonaws.com/awscli-exe-linux-x86_64-2.36.13.zip"

[tools.awscli."platforms.linux-x64-musl"]
url = "https://awscli.amazonaws.com/awscli-exe-linux-x86_64-2.36.13.zip"

[tools.awscli."platforms.macos-arm64"]
checksum = "blake3:5f6f67c6d479aab6b7edfe3d9a9fc850c8396c8b71261035601f3ceabb442ad7"
url = "https://awscli.amazonaws.com/AWSCLIV2-2.36.13.pkg"

[tools.awscli."platforms.macos-x64"]
url = "https://awscli.amazonaws.com/AWSCLIV2-2.36.13.pkg"

[[tools.fnox]]
version = "1.31.1"
backend = "github:jdx/fnox"

[tools.fnox."platforms.linux-arm64"]
checksum = "sha256:807d74596112622ea1cb0c24100d3bbf42fb5a9f5efce6a2242931d823ab0f63"
url = "https://github.com/jdx/fnox/releases/download/v1.31.1/fnox-aarch64-unknown-linux-gnu.tar.gz"
url_api = "https://api.github.com/repos/jdx/fnox/releases/assets/488427415"
provenance = "github-attestations"

[tools.fnox."platforms.linux-arm64-musl"]
checksum = "sha256:2538ac320c37495777174e1d9eaf02af2a1065bcce888652b5c351bca0767cde"
url = "https://github.com/jdx/fnox/releases/download/v1.31.1/fnox-aarch64-unknown-linux-musl.tar.gz"
url_api = "https://api.github.com/repos/jdx/fnox/releases/assets/488427418"
provenance = "github-attestations"

[tools.fnox."platforms.linux-x64"]
checksum = "sha256:f87808cb1b5db2382daf244ced84f342ab01352654df2f50faa1cd1565941102"
url = "https://github.com/jdx/fnox/releases/download/v1.31.1/fnox-x86_64-unknown-linux-gnu.tar.gz"
url_api = "https://api.github.com/repos/jdx/fnox/releases/assets/488427453"
provenance = "github-attestations"

[tools.fnox."platforms.linux-x64-musl"]
checksum = "sha256:32e16ce164736a834ce767908ec2fe4d3f17b77d71a7187b2f0f973c161da518"
url = "https://github.com/jdx/fnox/releases/download/v1.31.1/fnox-x86_64-unknown-linux-musl.tar.gz"
url_api = "https://api.github.com/repos/jdx/fnox/releases/assets/488427457"
provenance = "github-attestations"

[tools.fnox."platforms.macos-arm64"]
checksum = "sha256:8426d9a2b7fc3a82d73d1a5fb7831d749d195ac811efb598dfbd96222d52c293"
url = "https://github.com/jdx/fnox/releases/download/v1.31.1/fnox-aarch64-apple-darwin.tar.gz"
url_api = "https://api.github.com/repos/jdx/fnox/releases/assets/488427417"
provenance = "github-attestations"
provenance_verified = true

[tools.fnox."platforms.macos-x64"]
checksum = "sha256:e7cbce08f71c9b6d90c68f535fc757a26a673a4a247a31bce66356da971c915e"
url = "https://github.com/jdx/fnox/releases/download/v1.31.1/fnox-x86_64-apple-darwin.tar.gz"
url_api = "https://api.github.com/repos/jdx/fnox/releases/assets/488427412"
provenance = "github-attestations"

[tools.fnox."platforms.windows-x64"]
checksum = "sha256:49ea9a62555cea64d57daf08658f4074abcd1055546adcd7047a4ec324c0c078"
url = "https://github.com/jdx/fnox/releases/download/v1.31.1/fnox-x86_64-pc-windows-msvc.zip"
url_api = "https://api.github.com/repos/jdx/fnox/releases/assets/488427448"
provenance = "github-attestations"

[[tools.git-cliff]]
version = "2.13.1"
backend = "aqua:orhun/git-cliff"

[tools.git-cliff."platforms.linux-arm64"]
checksum = "sha256:4054c124b926c117f3fa048939bc8be0a954f29f3b6f367627e8cb22c1971882"
url = "https://github.com/orhun/git-cliff/releases/download/v2.13.1/git-cliff-2.13.1-aarch64-unknown-linux-musl.tar.gz"
url_api = "https://api.github.com/repos/orhun/git-cliff/releases/assets/405850720"

[tools.git-cliff."platforms.linux-arm64-musl"]
checksum = "sha256:4054c124b926c117f3fa048939bc8be0a954f29f3b6f367627e8cb22c1971882"
url = "https://github.com/orhun/git-cliff/releases/download/v2.13.1/git-cliff-2.13.1-aarch64-unknown-linux-musl.tar.gz"
url_api = "https://api.github.com/repos/orhun/git-cliff/releases/assets/405850720"

[tools.git-cliff."platforms.linux-x64"]
checksum = "sha256:200d2535da6d9703f3bcc8a4d159c3b55eacdb01cf2148c55b3eee9dd04d5249"
url = "https://github.com/orhun/git-cliff/releases/download/v2.13.1/git-cliff-2.13.1-x86_64-unknown-linux-musl.tar.gz"
url_api = "https://api.github.com/repos/orhun/git-cliff/releases/assets/405850671"

[tools.git-cliff."platforms.linux-x64-musl"]
checksum = "sha256:200d2535da6d9703f3bcc8a4d159c3b55eacdb01cf2148c55b3eee9dd04d5249"
url = "https://github.com/orhun/git-cliff/releases/download/v2.13.1/git-cliff-2.13.1-x86_64-unknown-linux-musl.tar.gz"
url_api = "https://api.github.com/repos/orhun/git-cliff/releases/assets/405850671"

[tools.git-cliff."platforms.macos-arm64"]
checksum = "sha256:21547ae4a0421164070ab75c2522864ea5565858a011fabc5f583061b20f1226"
url = "https://github.com/orhun/git-cliff/releases/download/v2.13.1/git-cliff-2.13.1-aarch64-apple-darwin.tar.gz"
url_api = "https://api.github.com/repos/orhun/git-cliff/releases/assets/405849885"

[tools.git-cliff."platforms.macos-x64"]
checksum = "sha256:6e60ae390d375cecb9d8008c49f0e724a8dfe40390b532ef5501e421d2cc8acb"
url = "https://github.com/orhun/git-cliff/releases/download/v2.13.1/git-cliff-2.13.1-x86_64-apple-darwin.tar.gz"
url_api = "https://api.github.com/repos/orhun/git-cliff/releases/assets/405850193"

[tools.git-cliff."platforms.windows-x64"]
checksum = "sha256:3ae3a5549e85c7ad5b20192ebcfee4371269deca51255f6f2f2e051c6541f5ca"
url = "https://github.com/orhun/git-cliff/releases/download/v2.13.1/git-cliff-2.13.1-x86_64-pc-windows-msvc.zip"
url_api = "https://api.github.com/repos/orhun/git-cliff/releases/assets/405851866"

[[tools.hk]]
version = "1.53.0"
backend = "aqua:jdx/hk"

[tools.hk."platforms.linux-arm64"]
checksum = "sha256:3cf58d268a9114f0923a06c38cf0995b9da43bf2279b09aac3c3c615a615b3e4"
url = "https://github.com/jdx/hk/releases/download/v1.53.0/hk-aarch64-unknown-linux-gnu.tar.gz"
url_api = "https://api.github.com/repos/jdx/hk/releases/assets/487429257"

[tools.hk."platforms.linux-arm64-musl"]
checksum = "sha256:36fdea5faa4994f4c46e18cb5a52f07a7db4228f1ea618cf371bc297cbc48070"
url = "https://github.com/jdx/hk/releases/download/v1.53.0/hk-aarch64-unknown-linux-musl.tar.gz"
url_api = "https://api.github.com/repos/jdx/hk/releases/assets/487429258"

[tools.hk."platforms.linux-x64"]
checksum = "sha256:960c14b3bcd61e36dcb42c304e3cc23b22ef2e6f28ac6559e3856d27acf6b54a"
url = "https://github.com/jdx/hk/releases/download/v1.53.0/hk-x86_64-unknown-linux-gnu.tar.gz"
url_api = "https://api.github.com/repos/jdx/hk/releases/assets/487429267"

[tools.hk."platforms.linux-x64-musl"]
checksum = "sha256:c2075be6f6d4b3606450bdcb58ce5d17d9668804e8ee4f9d93dda596cae2de55"
url = "https://github.com/jdx/hk/releases/download/v1.53.0/hk-x86_64-unknown-linux-musl.tar.gz"
url_api = "https://api.github.com/repos/jdx/hk/releases/assets/487429272"

[tools.hk."platforms.macos-arm64"]
checksum = "sha256:d5c1f9a4c3598cc72c9f15908af6e036b138b9dd97c8891e4d08f699c98a5069"
url = "https://github.com/jdx/hk/releases/download/v1.53.0/hk-aarch64-apple-darwin.tar.gz"
url_api = "https://api.github.com/repos/jdx/hk/releases/assets/487429255"

[tools.hk."platforms.windows-x64"]
checksum = "sha256:a2e5c6131d01cfd6d62204872798f97fc933e7f142d718b3e191434e2d31ef1c"
url = "https://github.com/jdx/hk/releases/download/v1.53.0/hk-x86_64-pc-windows-msvc.zip"
url_api = "https://api.github.com/repos/jdx/hk/releases/assets/487429261"

[[tools.jq]]
version = "1.8.2"
backend = "aqua:jqlang/jq"

[tools.jq."platforms.linux-arm64"]
checksum = "sha256:8b85c817833814ddca00a144c33705546355afccf0cf39b188f3cdb48b852309"
url = "https://github.com/jqlang/jq/releases/download/jq-1.8.2/jq-linux-arm64"
url_api = "https://api.github.com/repos/jqlang/jq/releases/assets/453012756"
provenance = "github-attestations"

[tools.jq."platforms.linux-arm64-musl"]
checksum = "sha256:8b85c817833814ddca00a144c33705546355afccf0cf39b188f3cdb48b852309"
url = "https://github.com/jqlang/jq/releases/download/jq-1.8.2/jq-linux-arm64"
url_api = "https://api.github.com/repos/jqlang/jq/releases/assets/453012756"
provenance = "github-attestations"

[tools.jq."platforms.linux-x64"]
checksum = "sha256:b1c22172dd303f3be49e935aa56aa48a8b7a46e0bc838b4997d3bb451495870f"
url = "https://github.com/jqlang/jq/releases/download/jq-1.8.2/jq-linux-amd64"
url_api = "https://api.github.com/repos/jqlang/jq/releases/assets/453012752"
provenance = "github-attestations"

[tools.jq."platforms.linux-x64-musl"]
checksum = "sha256:b1c22172dd303f3be49e935aa56aa48a8b7a46e0bc838b4997d3bb451495870f"
url = "https://github.com/jqlang/jq/releases/download/jq-1.8.2/jq-linux-amd64"
url_api = "https://api.github.com/repos/jqlang/jq/releases/assets/453012752"
provenance = "github-attestations"

[tools.jq."platforms.macos-arm64"]
checksum = "sha256:2d75340ba57a4b4b4c8708a21c2dc8e958a48aaa8bba13b27f77f6e4c0eca07e"
url = "https://github.com/jqlang/jq/releases/download/jq-1.8.2/jq-macos-arm64"
url_api = "https://api.github.com/repos/jqlang/jq/releases/assets/453012783"
provenance = "github-attestations"

[tools.jq."platforms.macos-x64"]
checksum = "sha256:e94b266e3c26690550006abe63152b782280f4e14374accdf04cbde844f00bc0"
url = "https://github.com/jqlang/jq/releases/download/jq-1.8.2/jq-macos-amd64"
url_api = "https://api.github.com/repos/jqlang/jq/releases/assets/453012782"
provenance = "github-attestations"

[tools.jq."platforms.windows-x64"]
checksum = "sha256:a6fc67fedaf9128a3309a1e2ebb8b986aeccf70122ee46d2cb4849e423f0c627"
url = "https://github.com/jqlang/jq/releases/download/jq-1.8.2/jq-windows-amd64.exe"
url_api = "https://api.github.com/repos/jqlang/jq/releases/assets/453012788"
provenance = "github-attestations"

[[tools.lychee]]
version = "0.24.2"
backend = "aqua:lycheeverse/lychee"

[tools.lychee."platforms.linux-arm64"]
checksum = "sha256:5d0b0e3aeab240f41920c633a6eaf97599be6eedda034b36e858ede7dba5e535"
url = "https://github.com/lycheeverse/lychee/releases/download/lychee-v0.24.2/lychee-aarch64-unknown-linux-musl.tar.gz"
url_api = "https://api.github.com/repos/lycheeverse/lychee/releases/assets/409958602"

[tools.lychee."platforms.linux-arm64-musl"]
checksum = "sha256:5d0b0e3aeab240f41920c633a6eaf97599be6eedda034b36e858ede7dba5e535"
url = "https://github.com/lycheeverse/lychee/releases/download/lychee-v0.24.2/lychee-aarch64-unknown-linux-musl.tar.gz"
url_api = "https://api.github.com/repos/lycheeverse/lychee/releases/assets/409958602"

[tools.lychee."platforms.linux-x64"]
checksum = "sha256:73657a111819a30c47c08352896796f23d64e4eb2b3ed39b6d32149241566fc5"
url = "https://github.com/lycheeverse/lychee/releases/download/lychee-v0.24.2/lychee-x86_64-unknown-linux-musl.tar.gz"
url_api = "https://api.github.com/repos/lycheeverse/lychee/releases/assets/409959271"

[tools.lychee."platforms.linux-x64-musl"]
checksum = "sha256:73657a111819a30c47c08352896796f23d64e4eb2b3ed39b6d32149241566fc5"
url = "https://github.com/lycheeverse/lychee/releases/download/lychee-v0.24.2/lychee-x86_64-unknown-linux-musl.tar.gz"
url_api = "https://api.github.com/repos/lycheeverse/lychee/releases/assets/409959271"

[tools.lychee."platforms.macos-arm64"]
checksum = "sha256:c9d3740ea2d891854d37116c9fba840f37b6e7c89d330e7db84ac333631c4977"
url = "https://github.com/lycheeverse/lychee/releases/download/lychee-v0.24.2/lychee-aarch64-apple-darwin.tar.gz"
url_api = "https://api.github.com/repos/lycheeverse/lychee/releases/assets/409957951"

[tools.lychee."platforms.macos-x64"]
checksum = "sha256:887503a9cff667d322b8d0892b40bf49976eb9507af8483220a3706cdad55978"
url = "https://github.com/lycheeverse/lychee/releases/download/lychee-v0.24.2/lychee-x86_64-apple-darwin.tar.gz"
url_api = "https://api.github.com/repos/lycheeverse/lychee/releases/assets/409957687"

[tools.lychee."platforms.windows-x64"]
checksum = "sha256:32975d1493ee1a975d6bb41e4fb56fe419cb442ded628bb772ba2e614acfacad"
url = "https://github.com/lycheeverse/lychee/releases/download/lychee-v0.24.2/lychee-x86_64-pc-windows-msvc.zip"
url_api = "https://api.github.com/repos/lycheeverse/lychee/releases/assets/409959491"

[[tools.node]]
version = "24.18.0"
backend = "core:node"

[tools.node."platforms.linux-arm64"]
checksum = "sha256:6b4484c2190274175df9aa8f28e2d758a819cb1c1fe6ab481e2f95b463ab8508"
url = "https://nodejs.org/dist/v24.18.0/node-v24.18.0-linux-arm64.tar.gz"

[tools.node."platforms.linux-arm64-musl"]
checksum = "sha256:b1c6c2dc31b46dd8fb2322f4fe75b07e775c5120bc37251deeea28f529d4567b"
url = "https://unofficial-builds.nodejs.org/download/release/v24.18.0/node-v24.18.0-linux-arm64-musl.tar.gz"

[tools.node."platforms.linux-x64"]
checksum = "sha256:783130984963db7ba9cbd01089eaf2c2efb055c7c1693c943174b967b3050cb8"
url = "https://nodejs.org/dist/v24.18.0/node-v24.18.0-linux-x64.tar.gz"

[tools.node."platforms.linux-x64-musl"]
checksum = "sha256:ea58409911e141ec6b19d9178efa2d9185a13295005b1cbf5521b3157eed1d95"
url = "https://unofficial-builds.nodejs.org/download/release/v24.18.0/node-v24.18.0-linux-x64-musl.tar.gz"

[tools.node."platforms.macos-arm64"]
checksum = "sha256:e1a97e14c99c803e96c7339403282ea05a499c32f8d83defe9ef5ec66f979ed1"
url = "https://nodejs.org/dist/v24.18.0/node-v24.18.0-darwin-arm64.tar.gz"

[tools.node."platforms.macos-x64"]
checksum = "sha256:dfd0dbd3e721503434df7b7205e719f61b3a3a31b2bcf9729b8b91fea240f080"
url = "https://nodejs.org/dist/v24.18.0/node-v24.18.0-darwin-x64.tar.gz"

[tools.node."platforms.windows-x64"]
checksum = "sha256:0ae68406b42d7725661da979b1403ec9926da205c6770827f33aac9d8f26e821"
url = "https://nodejs.org/dist/v24.18.0/node-v24.18.0-win-x64.zip"

[[tools.trivy]]
version = "0.72.0"
backend = "aqua:aquasecurity/trivy"

[tools.trivy."platforms.linux-arm64"]
checksum = "sha256:2ca2c023109c2db6b2b77366b6717291452d4531167377d95c79547f0c8e3467"
url = "https://github.com/aquasecurity/trivy/releases/download/v0.72.0/trivy_0.72.0_Linux-ARM64.tar.gz"
url_api = "https://api.github.com/repos/aquasecurity/trivy/releases/assets/462015056"
provenance = "cosign"

[tools.trivy."platforms.linux-arm64-musl"]
checksum = "sha256:2ca2c023109c2db6b2b77366b6717291452d4531167377d95c79547f0c8e3467"
url = "https://github.com/aquasecurity/trivy/releases/download/v0.72.0/trivy_0.72.0_Linux-ARM64.tar.gz"
url_api = "https://api.github.com/repos/aquasecurity/trivy/releases/assets/462015056"
provenance = "cosign"

[tools.trivy."platforms.linux-x64"]
checksum = "sha256:bbb64b9695866ce4a7a8f5c9592002c5961cab378577fa3f8a040df362b9b2ea"
url = "https://github.com/aquasecurity/trivy/releases/download/v0.72.0/trivy_0.72.0_Linux-64bit.tar.gz"
url_api = "https://api.github.com/repos/aquasecurity/trivy/releases/assets/462015055"
provenance = "cosign"

[tools.trivy."platforms.linux-x64-musl"]
checksum = "sha256:bbb64b9695866ce4a7a8f5c9592002c5961cab378577fa3f8a040df362b9b2ea"
url = "https://github.com/aquasecurity/trivy/releases/download/v0.72.0/trivy_0.72.0_Linux-64bit.tar.gz"
url_api = "https://api.github.com/repos/aquasecurity/trivy/releases/assets/462015055"
provenance = "cosign"

[tools.trivy."platforms.macos-arm64"]
checksum = "sha256:88f208680dc05da2b459e19b4f5aa2b4dc7c2117892ba4aab2ae63baba330016"
url = "https://github.com/aquasecurity/trivy/releases/download/v0.72.0/trivy_0.72.0_macOS-ARM64.tar.gz"
url_api = "https://api.github.com/repos/aquasecurity/trivy/releases/assets/462015117"
provenance = "cosign"

[tools.trivy."platforms.macos-x64"]
checksum = "sha256:ee5e60df8a98e5b89fd74a6d86f9e5c7e9a266a35002cb1e43291698b3bfee08"
url = "https://github.com/aquasecurity/trivy/releases/download/v0.72.0/trivy_0.72.0_macOS-64bit.tar.gz"
url_api = "https://api.github.com/repos/aquasecurity/trivy/releases/assets/462015094"
provenance = "cosign"

[tools.trivy."platforms.windows-x64"]
checksum = "sha256:ed3cf122060f61818fe1f735fd97557954e16e10bc8b058af9852271cf2e91b3"
url = "https://github.com/aquasecurity/trivy/releases/download/v0.72.0/trivy_0.72.0_windows-64bit.zip"
url_api = "https://api.github.com/repos/aquasecurity/trivy/releases/assets/462015116"
provenance = "cosign"
